
Microsoft Visual Studio Solution File, Format Version 12.00
# Visual Studio Version 17
VisualStudioVersion = 17.13.35825.156 d17.13
MinimumVisualStudioVersion = 10.0.40219.1
Project("{8BC9CEB8-8B4A-11D0-8D11-00A0C91BC942}") = "HWDll", "HWDll\HWDll.vcxproj", "{0DFFA4F2-D22E-48FE-8657-9C435C01BB1C}"
EndProject
Global
	GlobalSection(SolutionConfigurationPlatforms) = preSolution
		Debug|x64 = Debug|x64
		Debug|x86 = Debug|x86
		Release|x64 = Release|x64
		Release|x86 = Release|x86
	EndGlobalSection
	GlobalSection(ProjectConfigurationPlatforms) = postSolution
		{0DFFA4F2-D22E-48FE-8657-9C435C01BB1C}.Debug|x64.ActiveCfg = Debug|x64
		{0DFFA4F2-D22E-48FE-8657-9C435C01BB1C}.Debug|x64.Build.0 = Debug|x64
		{0DFFA4F2-D22E-48FE-8657-9C435C01BB1C}.Debug|x86.ActiveCfg = Debug|Win32
		{0DFFA4F2-D22E-48FE-8657-9C435C01BB1C}.Debug|x86.Build.0 = Debug|Win32
		{0DFFA4F2-D22E-48FE-8657-9C435C01BB1C}.Release|x64.ActiveCfg = Release|x64
		{0DFFA4F2-D22E-48FE-8657-9C435C01BB1C}.Release|x64.Build.0 = Release|x64
		{0DFFA4F2-D22E-48FE-8657-9C435C01BB1C}.Release|x86.ActiveCfg = Release|Win32
		{0DFFA4F2-D22E-48FE-8657-9C435C01BB1C}.Release|x86.Build.0 = Release|Win32
	EndGlobalSection
	GlobalSection(SolutionProperties) = preSolution
		HideSolutionNode = FALSE
	EndGlobalSection
	GlobalSection(ExtensibilityGlobals) = postSolution
		SolutionGuid = {F52D4111-C6D5-41E3-BD27-B51F2A7AAC18}
	EndGlobalSection
EndGlobal
